
Microsoft Visual Studio Solution File, Format Version 12.00
# Visual Studio Version 16
VisualStudioVersion = 16.0.31019.35
MinimumVisualStudioVersion = 10.0.40219.1
Project("{FAE04EC0-301F-11D3-BF4B-00C04F79EFBC}") = "UI", "UI.csproj", "{48C80FA7-7554-4E05-B473-9901CF260E97}"
EndProject
Project("{FAE04EC0-301F-11D3-BF4B-00C04F79EFBC}") = "Bl", "Bl\Bl.csproj", "{6A6FC686-13A6-43AA-8E14-C8DFFEDCF3D1}"
EndProject
Global
	GlobalSection(SolutionConfigurationPlatforms) = preSolution
		Debug|Any CPU = Debug|Any CPU
		Release|Any CPU = Release|Any CPU
	EndGlobalSection
	GlobalSection(ProjectConfigurationPlatforms) = postSolution
		{48C80FA7-7554-4E05-B473-9901CF260E97}.Debug|Any CPU.ActiveCfg = Debug|Any CPU
		{48C80FA7-7554-4E05-B473-9901CF260E97}.Debug|Any CPU.Build.0 = Debug|Any CPU
		{48C80FA7-7554-4E05-B473-9901CF260E97}.Release|Any CPU.ActiveCfg = Release|Any CPU
		{48C80FA7-7554-4E05-B473-9901CF260E97}.Release|Any CPU.Build.0 = Release|Any CPU
		{6A6FC686-13A6-43AA-8E14-C8DFFEDCF3D1}.Debug|Any CPU.ActiveCfg = Debug|Any CPU
		{6A6FC686-13A6-43AA-8E14-C8DFFEDCF3D1}.Debug|Any CPU.Build.0 = Debug|Any CPU
		{6A6FC686-13A6-43AA-8E14-C8DFFEDCF3D1}.Release|Any CPU.ActiveCfg = Release|Any CPU
		{6A6FC686-13A6-43AA-8E14-C8DFFEDCF3D1}.Release|Any CPU.Build.0 = Release|Any CPU
	EndGlobalSection
	GlobalSection(SolutionProperties) = preSolution
		HideSolutionNode = FALSE
	EndGlobalSection
	GlobalSection(ExtensibilityGlobals) = postSolution
		SolutionGuid = {EFBF49C3-7C8C-48DF-8E25-96A237B048F6}
	EndGlobalSection
EndGlobal
